{
  "inputs": {
    "nix-pills": {
      "info": {
        "lastModified": 1584868798,
        "narHash": "sha256-nzasvmQEj2Y42ahrFHbYYggARWNmKgcXUbHzeeyF0Kc="
      },
      "inputs": {},
      "locked": {
        "owner": "NixOS",
        "repo": "nix-pills",
        "rev": "ab70c4d058ca51b7b148a23b85908de024d5aaba",
        "type": "github"
      },
      "original": {
        "owner": "NixOS",
        "repo": "nix-pills",
        "type": "github"
      }
    },
    "nixpkgs": {
      "info": {
        "lastModified": 1587340622,
        "narHash": "sha256-tEaxXXzImdOm+7KJG6Nlztu8ruyMQFFdVnQ2rRrk/7E="
      },
      "inputs": {},
      "locked": {
        "owner": "NixOS",
        "repo": "nixpkgs",
        "rev": "e03eeffd61660e4c40b4e14ce514286da24ed305",
        "type": "github"
      },
      "original": {
        "id": "nixpkgs",
        "ref": "nixos-20.03",
        "type": "indirect"
      }
    }
  },
  "version": 4
}
